
Microsoft Visual Studio Solution File, Format Version 12.00
# Visual Studio Version 16
VisualStudioVersion = 16.0.29025.244
MinimumVisualStudioVersion = 10.0.40219.1
Project("{FAE04EC0-301F-11D3-BF4B-00C04F79EFBC}") = "Calculator", "Calculator\Calculator.csproj", "{372F5044-43D2-4A73-A5FE-669492A9383A}"
EndProject
Project("{FAE04EC0-301F-11D3-BF4B-00C04F79EFBC}") = "Calculator_Test_Unit", "Calculator_Test\Calculator_Test_Unit.csproj", "{23645947-1C6B-4834-B122-0E8320BBD99A}"
EndProject
Global
	GlobalSection(SolutionConfigurationPlatforms) = preSolution
		Debug|Any CPU = Debug|Any CPU
		Release|Any CPU = Release|Any CPU
	EndGlobalSection
	GlobalSection(ProjectConfigurationPlatforms) = postSolution
		{372F5044-43D2-4A73-A5FE-669492A9383A}.Debug|Any CPU.ActiveCfg = Debug|Any CPU
		{372F5044-43D2-4A73-A5FE-669492A9383A}.Debug|Any CPU.Build.0 = Debug|Any CPU
		{372F5044-43D2-4A73-A5FE-669492A9383A}.Release|Any CPU.ActiveCfg = Release|Any CPU
		{372F5044-43D2-4A73-A5FE-669492A9383A}.Release|Any CPU.Build.0 = Release|Any CPU
		{23645947-1C6B-4834-B122-0E8320BBD99A}.Debug|Any CPU.ActiveCfg = Debug|Any CPU
		{23645947-1C6B-4834-B122-0E8320BBD99A}.Debug|Any CPU.Build.0 = Debug|Any CPU
		{23645947-1C6B-4834-B122-0E8320BBD99A}.Release|Any CPU.ActiveCfg = Release|Any CPU
		{23645947-1C6B-4834-B122-0E8320BBD99A}.Release|Any CPU.Build.0 = Release|Any CPU
	EndGlobalSection
	GlobalSection(SolutionProperties) = preSolution
		HideSolutionNode = FALSE
	EndGlobalSection
	GlobalSection(ExtensibilityGlobals) = postSolution
		SolutionGuid = {2F420644-327E-4894-87C4-2A924A25178E}
	EndGlobalSection
EndGlobal
